
Microsoft Visual Studio Solution File, Format Version 12.00
# Visual Studio 15
VisualStudioVersion = 15.0.28010.2046
MinimumVisualStudioVersion = 10.0.40219.1
Project("{FAE04EC0-301F-11D3-BF4B-00C04F79EFBC}") = "goodname", "goodname\goodname.csproj", "{C0F4CE39-CF54-4B4F-AD38-7D51730579CB}"
EndProject
Global
	GlobalSection(SolutionConfigurationPlatforms) = preSolution
		Debug|Any CPU = Debug|Any CPU
		Release|Any CPU = Release|Any CPU
	EndGlobalSection
	GlobalSection(ProjectConfigurationPlatforms) = postSolution
		{C0F4CE39-CF54-4B4F-AD38-7D51730579CB}.Debug|Any CPU.ActiveCfg = Debug|Any CPU
		{C0F4CE39-CF54-4B4F-AD38-7D51730579CB}.Debug|Any CPU.Build.0 = Debug|Any CPU
		{C0F4CE39-CF54-4B4F-AD38-7D51730579CB}.Release|Any CPU.ActiveCfg = Release|Any CPU
		{C0F4CE39-CF54-4B4F-AD38-7D51730579CB}.Release|Any CPU.Build.0 = Release|Any CPU
	EndGlobalSection
	GlobalSection(SolutionProperties) = preSolution
		HideSolutionNode = FALSE
	EndGlobalSection
	GlobalSection(ExtensibilityGlobals) = postSolution
		SolutionGuid = {5A858AB1-44AD-46BA-BCE2-5B5C8C720B53}
	EndGlobalSection
EndGlobal
